
Microsoft Visual Studio Solution File, Format Version 12.00
# Visual Studio Version 16
VisualStudioVersion = 16.0.30011.22
MinimumVisualStudioVersion = 10.0.40219.1
Project("{FAE04EC0-301F-11D3-BF4B-00C04F79EFBC}") = "Pump.UWP", "Pump\Pump.UWP\Pump.UWP.csproj", "{CE28CFFF-565A-4750-BB04-ADDCC418613C}"
EndProject
Project("{FAE04EC0-301F-11D3-BF4B-00C04F79EFBC}") = "Pump.Android", "Pump\Pump.Android\Pump.Android.csproj", "{A3680733-941A-47B9-B805-CA0DFDF39182}"
EndProject
Project("{FAE04EC0-301F-11D3-BF4B-00C04F79EFBC}") = "Pump.iOS", "Pump\Pump.iOS\Pump.iOS.csproj", "{794A14DE-C13C-45DC-BA6F-E5539858F02D}"
EndProject
Project("{FAE04EC0-301F-11D3-BF4B-00C04F79EFBC}") = "Pump", "Pump\Pump\Pump.csproj", "{499253C0-A547-4A91-B225-92781D0CD7EE}"
EndProject
Global
	GlobalSection(SolutionConfigurationPlatforms) = preSolution
		Debug|Any CPU = Debug|Any CPU
		Debug|ARM = Debug|ARM
		Debug|iPhone = Debug|iPhone
		Debug|iPhoneSimulator = Debug|iPhoneSimulator
		Debug|x64 = Debug|x64
		Debug|x86 = Debug|x86
		Release|Any CPU = Release|Any CPU
		Release|ARM = Release|ARM
		Release|iPhone = Release|iPhone
		Release|iPhoneSimulator = Release|iPhoneSimulator
		Release|x64 = Release|x64
		Release|x86 = Release|x86
	EndGlobalSection
	GlobalSection(ProjectConfigurationPlatforms) = postSolution
		{CE28CFFF-565A-4750-BB04-ADDCC418613C}.Debug|Any CPU.ActiveCfg = Debug|x86
		{CE28CFFF-565A-4750-BB04-ADDCC418613C}.Debug|Any CPU.Build.0 = Debug|x86
		{CE28CFFF-565A-4750-BB04-ADDCC418613C}.Debug|Any CPU.Deploy.0 = Debug|x86
		{CE28CFFF-565A-4750-BB04-ADDCC418613C}.Debug|ARM.ActiveCfg = Debug|ARM
		{CE28CFFF-565A-4750-BB04-ADDCC418613C}.Debug|ARM.Build.0 = Debug|ARM
		{CE28CFFF-565A-4750-BB04-ADDCC418613C}.Debug|ARM.Deploy.0 = Debug|ARM
		{CE28CFFF-565A-4750-BB04-ADDCC418613C}.Debug|iPhone.ActiveCfg = Debug|x86
		{CE28CFFF-565A-4750-BB04-ADDCC418613C}.Debug|iPhone.Build.0 = Debug|x86
		{CE28CFFF-565A-4750-BB04-ADDCC418613C}.Debug|iPhone.Deploy.0 = Debug|x86
		{CE28CFFF-565A-4750-BB04-ADDCC418613C}.Debug|iPhoneSimulator.ActiveCfg = Debug|x86
		{CE28CFFF-565A-4750-BB04-ADDCC418613C}.Debug|iPhoneSimulator.Build.0 = Debug|x86
		{CE28CFFF-565A-4750-BB04-ADDCC418613C}.Debug|iPhoneSimulator.Deploy.0 = Debug|x86
		{CE28CFFF-565A-4750-BB04-ADDCC418613C}.Debug|x64.ActiveCfg = Debug|x64
		{CE28CFFF-565A-4750-BB04-ADDCC418613C}.Debug|x64.Build.0 = Debug|x64
		{CE28CFFF-565A-4750-BB04-ADDCC418613C}.Debug|x64.Deploy.0 = Debug|x64
		{CE28CFFF-565A-4750-BB04-ADDCC418613C}.Debug|x86.ActiveCfg = Debug|x86
		{CE28CFFF-565A-4750-BB04-ADDCC418613C}.Debug|x86.Build.0 = Debug|x86
		{CE28CFFF-565A-4750-BB04-ADDCC418613C}.Debug|x86.Deploy.0 = Debug|x86
		{CE28CFFF-565A-4750-BB04-ADDCC418613C}.Release|Any CPU.ActiveCfg = Release|x86
		{CE28CFFF-565A-4750-BB04-ADDCC418613C}.Release|Any CPU.Build.0 = Release|x86
		{CE28CFFF-565A-4750-BB04-ADDCC418613C}.Release|Any CPU.Deploy.0 = Release|x86
		{CE28CFFF-565A-4750-BB04-ADDCC418613C}.Release|ARM.ActiveCfg = Release|ARM
		{CE28CFFF-565A-4750-BB04-ADDCC418613C}.Release|ARM.Build.0 = Release|ARM
		{CE28CFFF-565A-4750-BB04-ADDCC418613C}.Release|ARM.Deploy.0 = Release|ARM
		{CE28CFFF-565A-4750-BB04-ADDCC418613C}.Release|iPhone.ActiveCfg = Release|x86
		{CE28CFFF-565A-4750-BB04-ADDCC418613C}.Release|iPhone.Build.0 = Release|x86
		{CE28CFFF-565A-4750-BB04-ADDCC418613C}.Release|iPhone.Deploy.0 = Release|x86
		{CE28CFFF-565A-4750-BB04-ADDCC418613C}.Release|iPhoneSimulator.ActiveCfg = Release|x86
		{CE28CFFF-565A-4750-BB04-ADDCC418613C}.Release|iPhoneSimulator.Build.0 = Release|x86
		{CE28CFFF-565A-4750-BB04-ADDCC418613C}.Release|iPhoneSimulator.Deploy.0 = Release|x86
		{CE28CFFF-565A-4750-BB04-ADDCC418613C}.Release|x64.ActiveCfg = Release|x64
		{CE28CFFF-565A-4750-BB04-ADDCC418613C}.Release|x64.Build.0 = Release|x64
		{CE28CFFF-565A-4750-BB04-ADDCC418613C}.Release|x64.Deploy.0 = Release|x64
		{CE28CFFF-565A-4750-BB04-ADDCC418613C}.Release|x86.ActiveCfg = Release|x86
		{CE28CFFF-565A-4750-BB04-ADDCC418613C}.Release|x86.Build.0 = Release|x86
		{CE28CFFF-565A-4750-BB04-ADDCC418613C}.Release|x86.Deploy.0 = Release|x86
		{A3680733-941A-47B9-B805-CA0DFDF39182}.Debug|Any CPU.ActiveCfg = Debug|Any CPU
		{A3680733-941A-47B9-B805-CA0DFDF39182}.Debug|Any CPU.Build.0 = Debug|Any CPU
		{A3680733-941A-47B9-B805-CA0DFDF39182}.Debug|Any CPU.Deploy.0 = Debug|Any CPU
		{A3680733-941A-47B9-B805-CA0DFDF39182}.Debug|ARM.ActiveCfg = Debug|Any CPU
		{A3680733-941A-47B9-B805-CA0DFDF39182}.Debug|ARM.Build.0 = Debug|Any CPU
		{A3680733-941A-47B9-B805-CA0DFDF39182}.Debug|ARM.Deploy.0 = Debug|Any CPU
		{A3680733-941A-47B9-B805-CA0DFDF39182}.Debug|iPhone.ActiveCfg = Debug|Any CPU
		{A3680733-941A-47B9-B805-CA0DFDF39182}.Debug|iPhone.Build.0 = Debug|Any CPU
		{A3680733-941A-47B9-B805-CA0DFDF39182}.Debug|iPhone.Deploy.0 = Debug|Any CPU
		{A3680733-941A-47B9-B805-CA0DFDF39182}.Debug|iPhoneSimulator.ActiveCfg = Debug|Any CPU
		{A3680733-941A-47B9-B805-CA0DFDF39182}.Debug|iPhoneSimulator.Build.0 = Debug|Any CPU
		{A3680733-941A-47B9-B805-CA0DFDF39182}.Debug|iPhoneSimulator.Deploy.0 = Debug|Any CPU
		{A3680733-941A-47B9-B805-CA0DFDF39182}.Debug|x64.ActiveCfg = Debug|Any CPU
		{A3680733-941A-47B9-B805-CA0DFDF39182}.Debug|x64.Build.0 = Debug|Any CPU
		{A3680733-941A-47B9-B805-CA0DFDF39182}.Debug|x64.Deploy.0 = Debug|Any CPU
		{A3680733-941A-47B9-B805-CA0DFDF39182}.Debug|x86.ActiveCfg = Debug|Any CPU
		{A3680733-941A-47B9-B805-CA0DFDF39182}.Debug|x86.Build.0 = Debug|Any CPU
		{A3680733-941A-47B9-B805-CA0DFDF39182}.Debug|x86.Deploy.0 = Debug|Any CPU
		{A3680733-941A-47B9-B805-CA0DFDF39182}.Release|Any CPU.ActiveCfg = Release|Any CPU
		{A3680733-941A-47B9-B805-CA0DFDF39182}.Release|Any CPU.Build.0 = Release|Any CPU
		{A3680733-941A-47B9-B805-CA0DFDF39182}.Release|Any CPU.Deploy.0 = Release|Any CPU
		{A3680733-941A-47B9-B805-CA0DFDF39182}.Release|ARM.ActiveCfg = Release|Any CPU
		{A3680733-941A-47B9-B805-CA0DFDF39182}.Release|ARM.Build.0 = Release|Any CPU
		{A3680733-941A-47B9-B805-CA0DFDF39182}.Release|ARM.Deploy.0 = Release|Any CPU
		{A3680733-941A-47B9-B805-CA0DFDF39182}.Release|iPhone.ActiveCfg = Release|Any CPU
		{A3680733-941A-47B9-B805-CA0DFDF39182}.Release|iPhone.Build.0 = Release|Any CPU
		{A3680733-941A-47B9-B805-CA0DFDF39182}.Release|iPhone.Deploy.0 = Release|Any CPU
		{A3680733-941A-47B9-B805-CA0DFDF39182}.Release|iPhoneSimulator.ActiveCfg = Release|Any CPU
		{A3680733-941A-47B9-B805-CA0DFDF39182}.Release|iPhoneSimulator.Build.0 = Release|Any CPU
		{A3680733-941A-47B9-B805-CA0DFDF39182}.Release|iPhoneSimulator.Deploy.0 = Release|Any CPU
		{A3680733-941A-47B9-B805-CA0DFDF39182}.Release|x64.ActiveCfg = Release|Any CPU
		{A3680733-941A-47B9-B805-CA0DFDF39182}.Release|x64.Build.0 = Release|Any CPU
		{A3680733-941A-47B9-B805-CA0DFDF39182}.Release|x64.Deploy.0 = Release|Any CPU
		{A3680733-941A-47B9-B805-CA0DFDF39182}.Release|x86.ActiveCfg = Release|Any CPU
		{A3680733-941A-47B9-B805-CA0DFDF39182}.Release|x86.Build.0 = Release|Any CPU
		{A3680733-941A-47B9-B805-CA0DFDF39182}.Release|x86.Deploy.0 = Release|Any CPU
		{794A14DE-C13C-45DC-BA6F-E5539858F02D}.Debug|Any CPU.ActiveCfg = Debug|iPhone
		{794A14DE-C13C-45DC-BA6F-E5539858F02D}.Debug|Any CPU.Build.0 = Debug|iPhone
		{794A14DE-C13C-45DC-BA6F-E5539858F02D}.Debug|Any CPU.Deploy.0 = Debug|iPhone
		{794A14DE-C13C-45DC-BA6F-E5539858F02D}.Debug|ARM.ActiveCfg = Debug|iPhone
		{794A14DE-C13C-45DC-BA6F-E5539858F02D}.Debug|ARM.Build.0 = Debug|iPhone
		{794A14DE-C13C-45DC-BA6F-E5539858F02D}.Debug|ARM.Deploy.0 = Debug|iPhone
		{794A14DE-C13C-45DC-BA6F-E5539858F02D}.Debug|iPhone.ActiveCfg = Debug|iPhone
		{794A14DE-C13C-45DC-BA6F-E5539858F02D}.Debug|iPhone.Build.0 = Debug|iPhone
		{794A14DE-C13C-45DC-BA6F-E5539858F02D}.Debug|iPhone.Deploy.0 = Debug|iPhone
		{794A14DE-C13C-45DC-BA6F-E5539858F02D}.Debug|iPhoneSimulator.ActiveCfg = Debug|iPhoneSimulator
		{794A14DE-C13C-45DC-BA6F-E5539858F02D}.Debug|iPhoneSimulator.Build.0 = Debug|iPhoneSimulator
		{794A14DE-C13C-45DC-BA6F-E5539858F02D}.Debug|iPhoneSimulator.Deploy.0 = Debug|iPhoneSimulator
		{794A14DE-C13C-45DC-BA6F-E5539858F02D}.Debug|x64.ActiveCfg = Debug|iPhone
		{794A14DE-C13C-45DC-BA6F-E5539858F02D}.Debug|x64.Build.0 = Debug|iPhone
		{794A14DE-C13C-45DC-BA6F-E5539858F02D}.Debug|x64.Deploy.0 = Debug|iPhone
		{794A14DE-C13C-45DC-BA6F-E5539858F02D}.Debug|x86.ActiveCfg = Debug|iPhone
		{794A14DE-C13C-45DC-BA6F-E5539858F02D}.Debug|x86.Build.0 = Debug|iPhone
		{794A14DE-C13C-45DC-BA6F-E5539858F02D}.Debug|x86.Deploy.0 = Debug|iPhone
		{794A14DE-C13C-45DC-BA6F-E5539858F02D}.Release|Any CPU.ActiveCfg = Release|iPhone
		{794A14DE-C13C-45DC-BA6F-E5539858F02D}.Release|Any CPU.Build.0 = Release|iPhone
		{794A14DE-C13C-45DC-BA6F-E5539858F02D}.Release|Any CPU.Deploy.0 = Release|iPhone
		{794A14DE-C13C-45DC-BA6F-E5539858F02D}.Release|ARM.ActiveCfg = Release|iPhone
		{794A14DE-C13C-45DC-BA6F-E5539858F02D}.Release|ARM.Build.0 = Release|iPhone
		{794A14DE-C13C-45DC-BA6F-E5539858F02D}.Release|ARM.Deploy.0 = Release|iPhone
		{794A14DE-C13C-45DC-BA6F-E5539858F02D}.Release|iPhone.ActiveCfg = Release|iPhone
		{794A14DE-C13C-45DC-BA6F-E5539858F02D}.Release|iPhone.Build.0 = Release|iPhone
		{794A14DE-C13C-45DC-BA6F-E5539858F02D}.Release|iPhone.Deploy.0 = Release|iPhone
		{794A14DE-C13C-45DC-BA6F-E5539858F02D}.Release|iPhoneSimulator.ActiveCfg = Release|iPhoneSimulator
		{794A14DE-C13C-45DC-BA6F-E5539858F02D}.Release|iPhoneSimulator.Build.0 = Release|iPhoneSimulator
		{794A14DE-C13C-45DC-BA6F-E5539858F02D}.Release|iPhoneSimulator.Deploy.0 = Release|iPhoneSimulator
		{794A14DE-C13C-45DC-BA6F-E5539858F02D}.Release|x64.ActiveCfg = Release|iPhone
		{794A14DE-C13C-45DC-BA6F-E5539858F02D}.Release|x64.Build.0 = Release|iPhone
		{794A14DE-C13C-45DC-BA6F-E5539858F02D}.Release|x64.Deploy.0 = Release|iPhone
		{794A14DE-C13C-45DC-BA6F-E5539858F02D}.Release|x86.ActiveCfg = Release|iPhone
		{794A14DE-C13C-45DC-BA6F-E5539858F02D}.Release|x86.Build.0 = Release|iPhone
		{794A14DE-C13C-45DC-BA6F-E5539858F02D}.Release|x86.Deploy.0 = Release|iPhone
		{499253C0-A547-4A91-B225-92781D0CD7EE}.Debug|Any CPU.ActiveCfg = Debug|Any CPU
		{499253C0-A547-4A91-B225-92781D0CD7EE}.Debug|Any CPU.Build.0 = Debug|Any CPU
		{499253C0-A547-4A91-B225-92781D0CD7EE}.Debug|Any CPU.Deploy.0 = Debug|Any CPU
		{499253C0-A547-4A91-B225-92781D0CD7EE}.Debug|ARM.ActiveCfg = Debug|Any CPU
		{499253C0-A547-4A91-B225-92781D0CD7EE}.Debug|ARM.Build.0 = Debug|Any CPU
		{499253C0-A547-4A91-B225-92781D0CD7EE}.Debug|ARM.Deploy.0 = Debug|Any CPU
		{499253C0-A547-4A91-B225-92781D0CD7EE}.Debug|iPhone.ActiveCfg = Debug|Any CPU
		{499253C0-A547-4A91-B225-92781D0CD7EE}.Debug|iPhone.Build.0 = Debug|Any CPU
		{499253C0-A547-4A91-B225-92781D0CD7EE}.Debug|iPhone.Deploy.0 = Debug|Any CPU
		{499253C0-A547-4A91-B225-92781D0CD7EE}.Debug|iPhoneSimulator.ActiveCfg = Debug|Any CPU
		{499253C0-A547-4A91-B225-92781D0CD7EE}.Debug|iPhoneSimulator.Build.0 = Debug|Any CPU
		{499253C0-A547-4A91-B225-92781D0CD7EE}.Debug|iPhoneSimulator.Deploy.0 = Debug|Any CPU
		{499253C0-A547-4A91-B225-92781D0CD7EE}.Debug|x64.ActiveCfg = Debug|Any CPU
		{499253C0-A547-4A91-B225-92781D0CD7EE}.Debug|x64.Build.0 = Debug|Any CPU
		{499253C0-A547-4A91-B225-92781D0CD7EE}.Debug|x64.Deploy.0 = Debug|Any CPU
		{499253C0-A547-4A91-B225-92781D0CD7EE}.Debug|x86.ActiveCfg = Debug|Any CPU
		{499253C0-A547-4A91-B225-92781D0CD7EE}.Debug|x86.Build.0 = Debug|Any CPU
		{499253C0-A547-4A91-B225-92781D0CD7EE}.Debug|x86.Deploy.0 = Debug|Any CPU
		{499253C0-A547-4A91-B225-92781D0CD7EE}.Release|Any CPU.ActiveCfg = Release|Any CPU
		{499253C0-A547-4A91-B225-92781D0CD7EE}.Release|Any CPU.Build.0 = Release|Any CPU
		{499253C0-A547-4A91-B225-92781D0CD7EE}.Release|Any CPU.Deploy.0 = Release|Any CPU
		{499253C0-A547-4A91-B225-92781D0CD7EE}.Release|ARM.ActiveCfg = Release|Any CPU
		{499253C0-A547-4A91-B225-92781D0CD7EE}.Release|ARM.Build.0 = Release|Any CPU
		{499253C0-A547-4A91-B225-92781D0CD7EE}.Release|ARM.Deploy.0 = Release|Any CPU
		{499253C0-A547-4A91-B225-92781D0CD7EE}.Release|iPhone.ActiveCfg = Release|Any CPU
		{499253C0-A547-4A91-B225-92781D0CD7EE}.Release|iPhone.Build.0 = Release|Any CPU
		{499253C0-A547-4A91-B225-92781D0CD7EE}.Release|iPhone.Deploy.0 = Release|Any CPU
		{499253C0-A547-4A91-B225-92781D0CD7EE}.Release|iPhoneSimulator.ActiveCfg = Release|Any CPU
		{499253C0-A547-4A91-B225-92781D0CD7EE}.Release|iPhoneSimulator.Build.0 = Release|Any CPU
		{499253C0-A547-4A91-B225-92781D0CD7EE}.Release|iPhoneSimulator.Deploy.0 = Release|Any CPU
		{499253C0-A547-4A91-B225-92781D0CD7EE}.Release|x64.ActiveCfg = Release|Any CPU
		{499253C0-A547-4A91-B225-92781D0CD7EE}.Release|x64.Build.0 = Release|Any CPU
		{499253C0-A547-4A91-B225-92781D0CD7EE}.Release|x64.Deploy.0 = Release|Any CPU
		{499253C0-A547-4A91-B225-92781D0CD7EE}.Release|x86.ActiveCfg = Release|Any CPU
		{499253C0-A547-4A91-B225-92781D0CD7EE}.Release|x86.Build.0 = Release|Any CPU
		{499253C0-A547-4A91-B225-92781D0CD7EE}.Release|x86.Deploy.0 = Release|Any CPU
	EndGlobalSection
	GlobalSection(SolutionProperties) = preSolution
		HideSolutionNode = FALSE
	EndGlobalSection
	GlobalSection(ExtensibilityGlobals) = postSolution
		SolutionGuid = {5C2183A6-148A-44E7-A8C9-59339CBB6B84}
	EndGlobalSection
EndGlobal
