
Microsoft Visual Studio Solution File, Format Version 12.00
# Visual Studio Version 17
VisualStudioVersion = 17.1.32414.318
MinimumVisualStudioVersion = 10.0.40219.1
Project("{FAE04EC0-301F-11D3-BF4B-00C04F79EFBC}") = "Pump-Redo.UWP", "Pump-Redo.UWP\Pump-Redo.UWP.csproj", "{10E28ED8-D1A9-4A1A-ADFF-FCD09D69D543}"
EndProject
Project("{FAE04EC0-301F-11D3-BF4B-00C04F79EFBC}") = "Pump-Redo.Android", "Pump-Redo.Android\Pump-Redo.Android.csproj", "{A249634E-6BBD-4AFD-91A3-01D4902B7263}"
EndProject
Project("{FAE04EC0-301F-11D3-BF4B-00C04F79EFBC}") = "Pump-Redo.iOS", "Pump-Redo.iOS\Pump-Redo.iOS.csproj", "{B5E09053-73AC-4465-A3B6-810F8831B621}"
EndProject
Project("{9A19103F-16F7-4668-BE54-9A1E7A4F7556}") = "Pump", "Pump-Redo\Pump.csproj", "{B21ACD29-89DC-469F-A5C6-DEE42E99517A}"
EndProject
Global
	GlobalSection(SolutionConfigurationPlatforms) = preSolution
		Debug|Any CPU = Debug|Any CPU
		Debug|ARM = Debug|ARM
		Debug|iPhone = Debug|iPhone
		Debug|iPhoneSimulator = Debug|iPhoneSimulator
		Debug|x64 = Debug|x64
		Debug|x86 = Debug|x86
		Release|Any CPU = Release|Any CPU
		Release|ARM = Release|ARM
		Release|iPhone = Release|iPhone
		Release|iPhoneSimulator = Release|iPhoneSimulator
		Release|x64 = Release|x64
		Release|x86 = Release|x86
	EndGlobalSection
	GlobalSection(ProjectConfigurationPlatforms) = postSolution
		{10E28ED8-D1A9-4A1A-ADFF-FCD09D69D543}.Debug|Any CPU.ActiveCfg = Debug|x64
		{10E28ED8-D1A9-4A1A-ADFF-FCD09D69D543}.Debug|Any CPU.Build.0 = Debug|x64
		{10E28ED8-D1A9-4A1A-ADFF-FCD09D69D543}.Debug|Any CPU.Deploy.0 = Debug|x64
		{10E28ED8-D1A9-4A1A-ADFF-FCD09D69D543}.Debug|ARM.ActiveCfg = Debug|ARM
		{10E28ED8-D1A9-4A1A-ADFF-FCD09D69D543}.Debug|ARM.Build.0 = Debug|ARM
		{10E28ED8-D1A9-4A1A-ADFF-FCD09D69D543}.Debug|ARM.Deploy.0 = Debug|ARM
		{10E28ED8-D1A9-4A1A-ADFF-FCD09D69D543}.Debug|iPhone.ActiveCfg = Debug|x64
		{10E28ED8-D1A9-4A1A-ADFF-FCD09D69D543}.Debug|iPhone.Build.0 = Debug|x64
		{10E28ED8-D1A9-4A1A-ADFF-FCD09D69D543}.Debug|iPhone.Deploy.0 = Debug|x64
		{10E28ED8-D1A9-4A1A-ADFF-FCD09D69D543}.Debug|iPhoneSimulator.ActiveCfg = Debug|x64
		{10E28ED8-D1A9-4A1A-ADFF-FCD09D69D543}.Debug|iPhoneSimulator.Build.0 = Debug|x64
		{10E28ED8-D1A9-4A1A-ADFF-FCD09D69D543}.Debug|iPhoneSimulator.Deploy.0 = Debug|x64
		{10E28ED8-D1A9-4A1A-ADFF-FCD09D69D543}.Debug|x64.ActiveCfg = Debug|x64
		{10E28ED8-D1A9-4A1A-ADFF-FCD09D69D543}.Debug|x64.Build.0 = Debug|x64
		{10E28ED8-D1A9-4A1A-ADFF-FCD09D69D543}.Debug|x64.Deploy.0 = Debug|x64
		{10E28ED8-D1A9-4A1A-ADFF-FCD09D69D543}.Debug|x86.ActiveCfg = Debug|x86
		{10E28ED8-D1A9-4A1A-ADFF-FCD09D69D543}.Debug|x86.Build.0 = Debug|x86
		{10E28ED8-D1A9-4A1A-ADFF-FCD09D69D543}.Debug|x86.Deploy.0 = Debug|x86
		{10E28ED8-D1A9-4A1A-ADFF-FCD09D69D543}.Release|Any CPU.ActiveCfg = Release|x64
		{10E28ED8-D1A9-4A1A-ADFF-FCD09D69D543}.Release|Any CPU.Build.0 = Release|x64
		{10E28ED8-D1A9-4A1A-ADFF-FCD09D69D543}.Release|Any CPU.Deploy.0 = Release|x64
		{10E28ED8-D1A9-4A1A-ADFF-FCD09D69D543}.Release|ARM.ActiveCfg = Release|ARM
		{10E28ED8-D1A9-4A1A-ADFF-FCD09D69D543}.Release|ARM.Build.0 = Release|ARM
		{10E28ED8-D1A9-4A1A-ADFF-FCD09D69D543}.Release|ARM.Deploy.0 = Release|ARM
		{10E28ED8-D1A9-4A1A-ADFF-FCD09D69D543}.Release|iPhone.ActiveCfg = Release|x64
		{10E28ED8-D1A9-4A1A-ADFF-FCD09D69D543}.Release|iPhone.Build.0 = Release|x64
		{10E28ED8-D1A9-4A1A-ADFF-FCD09D69D543}.Release|iPhone.Deploy.0 = Release|x64
		{10E28ED8-D1A9-4A1A-ADFF-FCD09D69D543}.Release|iPhoneSimulator.ActiveCfg = Release|x64
		{10E28ED8-D1A9-4A1A-ADFF-FCD09D69D543}.Release|iPhoneSimulator.Build.0 = Release|x64
		{10E28ED8-D1A9-4A1A-ADFF-FCD09D69D543}.Release|iPhoneSimulator.Deploy.0 = Release|x64
		{10E28ED8-D1A9-4A1A-ADFF-FCD09D69D543}.Release|x64.ActiveCfg = Release|x64
		{10E28ED8-D1A9-4A1A-ADFF-FCD09D69D543}.Release|x64.Build.0 = Release|x64
		{10E28ED8-D1A9-4A1A-ADFF-FCD09D69D543}.Release|x64.Deploy.0 = Release|x64
		{10E28ED8-D1A9-4A1A-ADFF-FCD09D69D543}.Release|x86.ActiveCfg = Release|x86
		{10E28ED8-D1A9-4A1A-ADFF-FCD09D69D543}.Release|x86.Build.0 = Release|x86
		{10E28ED8-D1A9-4A1A-ADFF-FCD09D69D543}.Release|x86.Deploy.0 = Release|x86
		{A249634E-6BBD-4AFD-91A3-01D4902B7263}.Debug|Any CPU.ActiveCfg = Debug|Any CPU
		{A249634E-6BBD-4AFD-91A3-01D4902B7263}.Debug|Any CPU.Build.0 = Debug|Any CPU
		{A249634E-6BBD-4AFD-91A3-01D4902B7263}.Debug|Any CPU.Deploy.0 = Debug|Any CPU
		{A249634E-6BBD-4AFD-91A3-01D4902B7263}.Debug|ARM.ActiveCfg = Debug|Any CPU
		{A249634E-6BBD-4AFD-91A3-01D4902B7263}.Debug|ARM.Build.0 = Debug|Any CPU
		{A249634E-6BBD-4AFD-91A3-01D4902B7263}.Debug|ARM.Deploy.0 = Debug|Any CPU
		{A249634E-6BBD-4AFD-91A3-01D4902B7263}.Debug|iPhone.ActiveCfg = Debug|Any CPU
		{A249634E-6BBD-4AFD-91A3-01D4902B7263}.Debug|iPhone.Build.0 = Debug|Any CPU
		{A249634E-6BBD-4AFD-91A3-01D4902B7263}.Debug|iPhone.Deploy.0 = Debug|Any CPU
		{A249634E-6BBD-4AFD-91A3-01D4902B7263}.Debug|iPhoneSimulator.ActiveCfg = Debug|Any CPU
		{A249634E-6BBD-4AFD-91A3-01D4902B7263}.Debug|iPhoneSimulator.Build.0 = Debug|Any CPU
		{A249634E-6BBD-4AFD-91A3-01D4902B7263}.Debug|iPhoneSimulator.Deploy.0 = Debug|Any CPU
		{A249634E-6BBD-4AFD-91A3-01D4902B7263}.Debug|x64.ActiveCfg = Debug|Any CPU
		{A249634E-6BBD-4AFD-91A3-01D4902B7263}.Debug|x64.Build.0 = Debug|Any CPU
		{A249634E-6BBD-4AFD-91A3-01D4902B7263}.Debug|x64.Deploy.0 = Debug|Any CPU
		{A249634E-6BBD-4AFD-91A3-01D4902B7263}.Debug|x86.ActiveCfg = Debug|Any CPU
		{A249634E-6BBD-4AFD-91A3-01D4902B7263}.Debug|x86.Build.0 = Debug|Any CPU
		{A249634E-6BBD-4AFD-91A3-01D4902B7263}.Debug|x86.Deploy.0 = Debug|Any CPU
		{A249634E-6BBD-4AFD-91A3-01D4902B7263}.Release|Any CPU.ActiveCfg = Release|Any CPU
		{A249634E-6BBD-4AFD-91A3-01D4902B7263}.Release|Any CPU.Build.0 = Release|Any CPU
		{A249634E-6BBD-4AFD-91A3-01D4902B7263}.Release|Any CPU.Deploy.0 = Release|Any CPU
		{A249634E-6BBD-4AFD-91A3-01D4902B7263}.Release|ARM.ActiveCfg = Release|Any CPU
		{A249634E-6BBD-4AFD-91A3-01D4902B7263}.Release|ARM.Build.0 = Release|Any CPU
		{A249634E-6BBD-4AFD-91A3-01D4902B7263}.Release|ARM.Deploy.0 = Release|Any CPU
		{A249634E-6BBD-4AFD-91A3-01D4902B7263}.Release|iPhone.ActiveCfg = Release|Any CPU
		{A249634E-6BBD-4AFD-91A3-01D4902B7263}.Release|iPhone.Build.0 = Release|Any CPU
		{A249634E-6BBD-4AFD-91A3-01D4902B7263}.Release|iPhone.Deploy.0 = Release|Any CPU
		{A249634E-6BBD-4AFD-91A3-01D4902B7263}.Release|iPhoneSimulator.ActiveCfg = Release|Any CPU
		{A249634E-6BBD-4AFD-91A3-01D4902B7263}.Release|iPhoneSimulator.Build.0 = Release|Any CPU
		{A249634E-6BBD-4AFD-91A3-01D4902B7263}.Release|iPhoneSimulator.Deploy.0 = Release|Any CPU
		{A249634E-6BBD-4AFD-91A3-01D4902B7263}.Release|x64.ActiveCfg = Release|Any CPU
		{A249634E-6BBD-4AFD-91A3-01D4902B7263}.Release|x64.Build.0 = Release|Any CPU
		{A249634E-6BBD-4AFD-91A3-01D4902B7263}.Release|x64.Deploy.0 = Release|Any CPU
		{A249634E-6BBD-4AFD-91A3-01D4902B7263}.Release|x86.ActiveCfg = Release|Any CPU
		{A249634E-6BBD-4AFD-91A3-01D4902B7263}.Release|x86.Build.0 = Release|Any CPU
		{A249634E-6BBD-4AFD-91A3-01D4902B7263}.Release|x86.Deploy.0 = Release|Any CPU
		{B5E09053-73AC-4465-A3B6-810F8831B621}.Debug|Any CPU.ActiveCfg = Debug|iPhoneSimulator
		{B5E09053-73AC-4465-A3B6-810F8831B621}.Debug|Any CPU.Build.0 = Debug|iPhoneSimulator
		{B5E09053-73AC-4465-A3B6-810F8831B621}.Debug|Any CPU.Deploy.0 = Debug|iPhoneSimulator
		{B5E09053-73AC-4465-A3B6-810F8831B621}.Debug|ARM.ActiveCfg = Debug|iPhoneSimulator
		{B5E09053-73AC-4465-A3B6-810F8831B621}.Debug|ARM.Build.0 = Debug|iPhoneSimulator
		{B5E09053-73AC-4465-A3B6-810F8831B621}.Debug|ARM.Deploy.0 = Debug|iPhoneSimulator
		{B5E09053-73AC-4465-A3B6-810F8831B621}.Debug|iPhone.ActiveCfg = Debug|iPhone
		{B5E09053-73AC-4465-A3B6-810F8831B621}.Debug|iPhone.Build.0 = Debug|iPhone
		{B5E09053-73AC-4465-A3B6-810F8831B621}.Debug|iPhone.Deploy.0 = Debug|iPhone
		{B5E09053-73AC-4465-A3B6-810F8831B621}.Debug|iPhoneSimulator.ActiveCfg = Debug|iPhoneSimulator
		{B5E09053-73AC-4465-A3B6-810F8831B621}.Debug|iPhoneSimulator.Build.0 = Debug|iPhoneSimulator
		{B5E09053-73AC-4465-A3B6-810F8831B621}.Debug|iPhoneSimulator.Deploy.0 = Debug|iPhoneSimulator
		{B5E09053-73AC-4465-A3B6-810F8831B621}.Debug|x64.ActiveCfg = Debug|iPhone
		{B5E09053-73AC-4465-A3B6-810F8831B621}.Debug|x64.Build.0 = Debug|iPhone
		{B5E09053-73AC-4465-A3B6-810F8831B621}.Debug|x64.Deploy.0 = Debug|iPhone
		{B5E09053-73AC-4465-A3B6-810F8831B621}.Debug|x86.ActiveCfg = Debug|iPhoneSimulator
		{B5E09053-73AC-4465-A3B6-810F8831B621}.Debug|x86.Build.0 = Debug|iPhoneSimulator
		{B5E09053-73AC-4465-A3B6-810F8831B621}.Debug|x86.Deploy.0 = Debug|iPhoneSimulator
		{B5E09053-73AC-4465-A3B6-810F8831B621}.Release|Any CPU.ActiveCfg = Release|iPhoneSimulator
		{B5E09053-73AC-4465-A3B6-810F8831B621}.Release|Any CPU.Build.0 = Release|iPhoneSimulator
		{B5E09053-73AC-4465-A3B6-810F8831B621}.Release|Any CPU.Deploy.0 = Release|iPhoneSimulator
		{B5E09053-73AC-4465-A3B6-810F8831B621}.Release|ARM.ActiveCfg = Release|iPhoneSimulator
		{B5E09053-73AC-4465-A3B6-810F8831B621}.Release|ARM.Build.0 = Release|iPhoneSimulator
		{B5E09053-73AC-4465-A3B6-810F8831B621}.Release|ARM.Deploy.0 = Release|iPhoneSimulator
		{B5E09053-73AC-4465-A3B6-810F8831B621}.Release|iPhone.ActiveCfg = Release|iPhone
		{B5E09053-73AC-4465-A3B6-810F8831B621}.Release|iPhone.Build.0 = Release|iPhone
		{B5E09053-73AC-4465-A3B6-810F8831B621}.Release|iPhone.Deploy.0 = Release|iPhone
		{B5E09053-73AC-4465-A3B6-810F8831B621}.Release|iPhoneSimulator.ActiveCfg = Release|iPhoneSimulator
		{B5E09053-73AC-4465-A3B6-810F8831B621}.Release|iPhoneSimulator.Build.0 = Release|iPhoneSimulator
		{B5E09053-73AC-4465-A3B6-810F8831B621}.Release|iPhoneSimulator.Deploy.0 = Release|iPhoneSimulator
		{B5E09053-73AC-4465-A3B6-810F8831B621}.Release|x64.ActiveCfg = Release|iPhoneSimulator
		{B5E09053-73AC-4465-A3B6-810F8831B621}.Release|x64.Build.0 = Release|iPhoneSimulator
		{B5E09053-73AC-4465-A3B6-810F8831B621}.Release|x64.Deploy.0 = Release|iPhoneSimulator
		{B5E09053-73AC-4465-A3B6-810F8831B621}.Release|x86.ActiveCfg = Release|iPhoneSimulator
		{B5E09053-73AC-4465-A3B6-810F8831B621}.Release|x86.Build.0 = Release|iPhoneSimulator
		{B5E09053-73AC-4465-A3B6-810F8831B621}.Release|x86.Deploy.0 = Release|iPhoneSimulator
		{B21ACD29-89DC-469F-A5C6-DEE42E99517A}.Debug|Any CPU.ActiveCfg = Debug|Any CPU
		{B21ACD29-89DC-469F-A5C6-DEE42E99517A}.Debug|Any CPU.Build.0 = Debug|Any CPU
		{B21ACD29-89DC-469F-A5C6-DEE42E99517A}.Debug|Any CPU.Deploy.0 = Debug|Any CPU
		{B21ACD29-89DC-469F-A5C6-DEE42E99517A}.Debug|ARM.ActiveCfg = Debug|Any CPU
		{B21ACD29-89DC-469F-A5C6-DEE42E99517A}.Debug|ARM.Build.0 = Debug|Any CPU
		{B21ACD29-89DC-469F-A5C6-DEE42E99517A}.Debug|ARM.Deploy.0 = Debug|Any CPU
		{B21ACD29-89DC-469F-A5C6-DEE42E99517A}.Debug|iPhone.ActiveCfg = Debug|Any CPU
		{B21ACD29-89DC-469F-A5C6-DEE42E99517A}.Debug|iPhone.Build.0 = Debug|Any CPU
		{B21ACD29-89DC-469F-A5C6-DEE42E99517A}.Debug|iPhone.Deploy.0 = Debug|Any CPU
		{B21ACD29-89DC-469F-A5C6-DEE42E99517A}.Debug|iPhoneSimulator.ActiveCfg = Debug|Any CPU
		{B21ACD29-89DC-469F-A5C6-DEE42E99517A}.Debug|iPhoneSimulator.Build.0 = Debug|Any CPU
		{B21ACD29-89DC-469F-A5C6-DEE42E99517A}.Debug|iPhoneSimulator.Deploy.0 = Debug|Any CPU
		{B21ACD29-89DC-469F-A5C6-DEE42E99517A}.Debug|x64.ActiveCfg = Debug|Any CPU
		{B21ACD29-89DC-469F-A5C6-DEE42E99517A}.Debug|x64.Build.0 = Debug|Any CPU
		{B21ACD29-89DC-469F-A5C6-DEE42E99517A}.Debug|x64.Deploy.0 = Debug|Any CPU
		{B21ACD29-89DC-469F-A5C6-DEE42E99517A}.Debug|x86.ActiveCfg = Debug|Any CPU
		{B21ACD29-89DC-469F-A5C6-DEE42E99517A}.Debug|x86.Build.0 = Debug|Any CPU
		{B21ACD29-89DC-469F-A5C6-DEE42E99517A}.Debug|x86.Deploy.0 = Debug|Any CPU
		{B21ACD29-89DC-469F-A5C6-DEE42E99517A}.Release|Any CPU.ActiveCfg = Release|Any CPU
		{B21ACD29-89DC-469F-A5C6-DEE42E99517A}.Release|Any CPU.Build.0 = Release|Any CPU
		{B21ACD29-89DC-469F-A5C6-DEE42E99517A}.Release|Any CPU.Deploy.0 = Release|Any CPU
		{B21ACD29-89DC-469F-A5C6-DEE42E99517A}.Release|ARM.ActiveCfg = Release|Any CPU
		{B21ACD29-89DC-469F-A5C6-DEE42E99517A}.Release|ARM.Build.0 = Release|Any CPU
		{B21ACD29-89DC-469F-A5C6-DEE42E99517A}.Release|ARM.Deploy.0 = Release|Any CPU
		{B21ACD29-89DC-469F-A5C6-DEE42E99517A}.Release|iPhone.ActiveCfg = Release|Any CPU
		{B21ACD29-89DC-469F-A5C6-DEE42E99517A}.Release|iPhone.Build.0 = Release|Any CPU
		{B21ACD29-89DC-469F-A5C6-DEE42E99517A}.Release|iPhone.Deploy.0 = Release|Any CPU
		{B21ACD29-89DC-469F-A5C6-DEE42E99517A}.Release|iPhoneSimulator.ActiveCfg = Release|Any CPU
		{B21ACD29-89DC-469F-A5C6-DEE42E99517A}.Release|iPhoneSimulator.Build.0 = Release|Any CPU
		{B21ACD29-89DC-469F-A5C6-DEE42E99517A}.Release|iPhoneSimulator.Deploy.0 = Release|Any CPU
		{B21ACD29-89DC-469F-A5C6-DEE42E99517A}.Release|x64.ActiveCfg = Release|Any CPU
		{B21ACD29-89DC-469F-A5C6-DEE42E99517A}.Release|x64.Build.0 = Release|Any CPU
		{B21ACD29-89DC-469F-A5C6-DEE42E99517A}.Release|x64.Deploy.0 = Release|Any CPU
		{B21ACD29-89DC-469F-A5C6-DEE42E99517A}.Release|x86.ActiveCfg = Release|Any CPU
		{B21ACD29-89DC-469F-A5C6-DEE42E99517A}.Release|x86.Build.0 = Release|Any CPU
		{B21ACD29-89DC-469F-A5C6-DEE42E99517A}.Release|x86.Deploy.0 = Release|Any CPU
	EndGlobalSection
	GlobalSection(SolutionProperties) = preSolution
		HideSolutionNode = FALSE
	EndGlobalSection
	GlobalSection(ExtensibilityGlobals) = postSolution
		SolutionGuid = {31971F54-090D-4AAA-9B9B-F35901C8C14A}
	EndGlobalSection
EndGlobal
